
Microsoft Visual Studio Solution File, Format Version 12.00
# Visual Studio Version 17
VisualStudioVersion = 17.13.35605.110 d17.13
MinimumVisualStudioVersion = 10.0.40219.1
Project("{FAE04EC0-301F-11D3-BF4B-00C04F79EFBC}") = "BlogProject", "BlogProject\BlogProject.csproj", "{7C427C3F-3BF5-4C6C-A437-49E14B89138E}"
EndProject
Global
	GlobalSection(SolutionConfigurationPlatforms) = preSolution
		Debug|Any CPU = Debug|Any CPU
		Release|Any CPU = Release|Any CPU
	EndGlobalSection
	GlobalSection(ProjectConfigurationPlatforms) = postSolution
		{7C427C3F-3BF5-4C6C-A437-49E14B89138E}.Debug|Any CPU.ActiveCfg = Debug|Any CPU
		{7C427C3F-3BF5-4C6C-A437-49E14B89138E}.Debug|Any CPU.Build.0 = Debug|Any CPU
		{7C427C3F-3BF5-4C6C-A437-49E14B89138E}.Release|Any CPU.ActiveCfg = Release|Any CPU
		{7C427C3F-3BF5-4C6C-A437-49E14B89138E}.Release|Any CPU.Build.0 = Release|Any CPU
	EndGlobalSection
	GlobalSection(SolutionProperties) = preSolution
		HideSolutionNode = FALSE
	EndGlobalSection
	GlobalSection(ExtensibilityGlobals) = postSolution
		SolutionGuid = {B15FC2A8-13EF-47B4-BD36-D8CC0262910D}
	EndGlobalSection
EndGlobal
